// !$*UTF8*$!
{
	archiveVersion = 1;
	classes = {
	};
	objectVersion = 56;
	objects = {

/* Begin PBXBuildFile section */
		9FFB19852C3E46B100581134 /* Notes Watch App.app in Embed Watch Content */ = {isa = PBXBuildFile; fileRef = 9FFB19842C3E46B100581134 /* Notes Watch App.app */; settings = {ATTRIBUTES = (RemoveHeadersOnCopy, ); }; };
		9FFB198A2C3E46B100581134 /* NotesApp.swift in Sources */ = {isa = PBXBuildFile; fileRef = 9FFB19892C3E46B100581134 /* NotesApp.swift */; };
		9FFB198C2C3E46B100581134 /* ContentView.swift in Sources */ = {isa = PBXBuildFile; fileRef = 9FFB198B2C3E46B100581134 /* ContentView.swift */; };
		9FFB198E2C3E46B200581134 /* Assets.xcassets in Resources */ = {isa = PBXBuildFile; fileRef = 9FFB198D2C3E46B200581134 /* Assets.xcassets */; };
		9FFB19912C3E46B200581134 /* Preview Assets.xcassets in Resources */ = {isa = PBXBuildFile; fileRef = 9FFB19902C3E46B200581134 /* Preview Assets.xcassets */; };
		9FFB199D2C3E478800581134 /* Note.swift in Sources */ = {isa = PBXBuildFile; fileRef = 9FFB199B2C3E478800581134 /* Note.swift */; };
		9FFB19A42C3E479700581134 /* CreditsView.swift in Sources */ = {isa = PBXBuildFile; fileRef = 9FFB199F2C3E479700581134 /* CreditsView.swift */; };
		9FFB19A52C3E479700581134 /* DetailView.swift in Sources */ = {isa = PBXBuildFile; fileRef = 9FFB19A02C3E479700581134 /* DetailView.swift */; };
		9FFB19A62C3E479700581134 /* SettingsView.swift in Sources */ = {isa = PBXBuildFile; fileRef = 9FFB19A12C3E479700581134 /* SettingsView.swift */; };
		9FFB19A92C3E47A100581134 /* HeaderView.swift in Sources */ = {isa = PBXBuildFile; fileRef = 9FFB19A72C3E47A100581134 /* HeaderView.swift */; };
		9FFB19AB2C3E47CC00581134 /* ComplicationController.swift in Sources */ = {isa = PBXBuildFile; fileRef = 9FFB19AA2C3E47CC00581134 /* ComplicationController.swift */; };
/* End PBXBuildFile section */

/* Begin PBXContainerItemProxy section */
		9FFB19862C3E46B100581134 /* PBXContainerItemProxy */ = {
			isa = PBXContainerItemProxy;
			containerPortal = 9FFB19782C3E46B000581134 /* Project object */;
			proxyType = 1;
			remoteGlobalIDString = 9FFB19832C3E46B100581134;
			remoteInfo = "Notes Watch App";
		};
/* End PBXContainerItemProxy section */

/* Begin PBXCopyFilesBuildPhase section */
		9FFB19972C3E46B200581134 /* Embed Watch Content */ = {
			isa = PBXCopyFilesBuildPhase;
			buildActionMask = 2147483647;
			dstPath = "$(CONTENTS_FOLDER_PATH)/Watch";
			dstSubfolderSpec = 16;
			files = (
				9FFB19852C3E46B100581134 /* Notes Watch App.app in Embed Watch Content */,
			);
			name = "Embed Watch Content";
			runOnlyForDeploymentPostprocessing = 0;
		};
/* End PBXCopyFilesBuildPhase section */

/* Begin PBXFileReference section */
		9FFB197E2C3E46B100581134 /* Notes.app */ = {isa = PBXFileReference; explicitFileType = wrapper.application; includeInIndex = 0; path = Notes.app; sourceTree = BUILT_PRODUCTS_DIR; };
		9FFB19842C3E46B100581134 /* Notes Watch App.app */ = {isa = PBXFileReference; explicitFileType = wrapper.application; includeInIndex = 0; path = "Notes Watch App.app"; sourceTree = BUILT_PRODUCTS_DIR; };
		9FFB19892C3E46B100581134 /* NotesApp.swift */ = {isa = PBXFileReference; lastKnownFileType = sourcecode.swift; path = NotesApp.swift; sourceTree = "<group>"; };
		9FFB198B2C3E46B100581134 /* ContentView.swift */ = {isa = PBXFileReference; lastKnownFileType = sourcecode.swift; path = ContentView.swift; sourceTree = "<group>"; };
		9FFB198D2C3E46B200581134 /* Assets.xcassets */ = {isa = PBXFileReference; lastKnownFileType = folder.assetcatalog; path = Assets.xcassets; sourceTree = "<group>"; };
		9FFB19902C3E46B200581134 /* Preview Assets.xcassets */ = {isa = PBXFileReference; lastKnownFileType = folder.assetcatalog; path = "Preview Assets.xcassets"; sourceTree = "<group>"; };
		9FFB199B2C3E478800581134 /* Note.swift */ = {isa = PBXFileReference; fileEncoding = 4; lastKnownFileType = sourcecode.swift; path = Note.swift; sourceTree = "<group>"; };
		9FFB199F2C3E479700581134 /* CreditsView.swift */ = {isa = PBXFileReference; fileEncoding = 4; lastKnownFileType = sourcecode.swift; path = CreditsView.swift; sourceTree = "<group>"; };
		9FFB19A02C3E479700581134 /* DetailView.swift */ = {isa = PBXFileReference; fileEncoding = 4; lastKnownFileType = sourcecode.swift; path = DetailView.swift; sourceTree = "<group>"; };
		9FFB19A12C3E479700581134 /* SettingsView.swift */ = {isa = PBXFileReference; fileEncoding = 4; lastKnownFileType = sourcecode.swift; path = SettingsView.swift; sourceTree = "<group>"; };
		9FFB19A72C3E47A100581134 /* HeaderView.swift */ = {isa = PBXFileReference; fileEncoding = 4; lastKnownFileType = sourcecode.swift; path = HeaderView.swift; sourceTree = "<group>"; };
		9FFB19AA2C3E47CC00581134 /* ComplicationController.swift */ = {isa = PBXFileReference; fileEncoding = 4; lastKnownFileType = sourcecode.swift; path = ComplicationController.swift; sourceTree = "<group>"; };
/* End PBXFileReference section */

/* Begin PBXFrameworksBuildPhase section */
		9FFB19812C3E46B100581134 /* Frameworks */ = {
			isa = PBXFrameworksBuildPhase;
			buildActionMask = 2147483647;
			files = (
			);
			runOnlyForDeploymentPostprocessing = 0;
		};
/* End PBXFrameworksBuildPhase section */

/* Begin PBXGroup section */
		9FFB19772C3E46B000581134 = {
			isa = PBXGroup;
			children = (
				9FFB19882C3E46B100581134 /* Notes Watch App */,
				9FFB197F2C3E46B100581134 /* Products */,
			);
			sourceTree = "<group>";
		};
		9FFB197F2C3E46B100581134 /* Products */ = {
			isa = PBXGroup;
			children = (
				9FFB197E2C3E46B100581134 /* Notes.app */,
				9FFB19842C3E46B100581134 /* Notes Watch App.app */,
			);
			name = Products;
			sourceTree = "<group>";
		};
		9FFB19882C3E46B100581134 /* Notes Watch App */ = {
			isa = PBXGroup;
			children = (
				9FFB19AA2C3E47CC00581134 /* ComplicationController.swift */,
				9FFB19892C3E46B100581134 /* NotesApp.swift */,
				9FFB19A22C3E479700581134 /* View */,
				9FFB199C2C3E478800581134 /* Model */,
				9FFB19A82C3E47A100581134 /* Component */,
				9FFB198D2C3E46B200581134 /* Assets.xcassets */,
				9FFB198F2C3E46B200581134 /* Preview Content */,
			);
			path = "Notes Watch App";
			sourceTree = "<group>";
		};
		9FFB198F2C3E46B200581134 /* Preview Content */ = {
			isa = PBXGroup;
			children = (
				9FFB19902C3E46B200581134 /* Preview Assets.xcassets */,
			);
			path = "Preview Content";
			sourceTree = "<group>";
		};
		9FFB199C2C3E478800581134 /* Model */ = {
			isa = PBXGroup;
			children = (
				9FFB199B2C3E478800581134 /* Note.swift */,
			);
			path = Model;
			sourceTree = "<group>";
		};
		9FFB19A22C3E479700581134 /* View */ = {
			isa = PBXGroup;
			children = (
				9FFB198B2C3E46B100581134 /* ContentView.swift */,
				9FFB199F2C3E479700581134 /* CreditsView.swift */,
				9FFB19A02C3E479700581134 /* DetailView.swift */,
				9FFB19A12C3E479700581134 /* SettingsView.swift */,
			);
			path = View;
			sourceTree = "<group>";
		};
		9FFB19A82C3E47A100581134 /* Component */ = {
			isa = PBXGroup;
			children = (
				9FFB19A72C3E47A100581134 /* HeaderView.swift */,
			);
			path = Component;
			sourceTree = "<group>";
		};
/* End PBXGroup section */

/* Begin PBXNativeTarget section */
		9FFB197D2C3E46B100581134 /* Notes */ = {
			isa = PBXNativeTarget;
			buildConfigurationList = 9FFB19982C3E46B200581134 /* Build configuration list for PBXNativeTarget "Notes" */;
			buildPhases = (
				9FFB197C2C3E46B100581134 /* Resources */,
				9FFB19972C3E46B200581134 /* Embed Watch Content */,
			);
			buildRules = (
			);
			dependencies = (
				9FFB19872C3E46B100581134 /* PBXTargetDependency */,
			);
			name = Notes;
			productName = Notes;
			productReference = 9FFB197E2C3E46B100581134 /* Notes.app */;
			productType = "com.apple.product-type.application.watchapp2-container";
		};
		9FFB19832C3E46B100581134 /* Notes Watch App */ = {
			isa = PBXNativeTarget;
			buildConfigurationList = 9FFB19942C3E46B200581134 /* Build configuration list for PBXNativeTarget "Notes Watch App" */;
			buildPhases = (
				9FFB19802C3E46B100581134 /* Sources */,
				9FFB19812C3E46B100581134 /* Frameworks */,
				9FFB19822C3E46B100581134 /* Resources */,
			);
			buildRules = (
			);
			dependencies = (
			);
			name = "Notes Watch App";
			productName = "Notes Watch App";
			productReference = 9FFB19842C3E46B100581134 /* Notes Watch App.app */;
			productType = "com.apple.product-type.application";
		};
/* End PBXNativeTarget section */

/* Begin PBXProject section */
		9FFB19782C3E46B000581134 /* Project object */ = {
			isa = PBXProject;
			attributes = {
				BuildIndependentTargetsInParallel = 1;
				LastSwiftUpdateCheck = 1540;
				LastUpgradeCheck = 1540;
				TargetAttributes = {
					9FFB197D2C3E46B100581134 = {
						CreatedOnToolsVersion = 15.4;
					};
					9FFB19832C3E46B100581134 = {
						CreatedOnToolsVersion = 15.4;
					};
				};
			};
			buildConfigurationList = 9FFB197B2C3E46B000581134 /* Build configuration list for PBXProject "Notes" */;
			compatibilityVersion = "Xcode 14.0";
			developmentRegion = en;
			hasScannedForEncodings = 0;
			knownRegions = (
				en,
				Base,
			);
			mainGroup = 9FFB19772C3E46B000581134;
			productRefGroup = 9FFB197F2C3E46B100581134 /* Products */;
			projectDirPath = "";
			projectRoot = "";
			targets = (
				9FFB197D2C3E46B100581134 /* Notes */,
				9FFB19832C3E46B100581134 /* Notes Watch App */,
			);
		};
/* End PBXProject section */

/* Begin PBXResourcesBuildPhase section */
		9FFB197C2C3E46B100581134 /* Resources */ = {
			isa = PBXResourcesBuildPhase;
			buildActionMask = 2147483647;
			files = (
			);
			runOnlyForDeploymentPostprocessing = 0;
		};
		9FFB19822C3E46B100581134 /* Resources */ = {
			isa = PBXResourcesBuildPhase;
			buildActionMask = 2147483647;
			files = (
				9FFB19912C3E46B200581134 /* Preview Assets.xcassets in Resources */,
				9FFB198E2C3E46B200581134 /* Assets.xcassets in Resources */,
			);
			runOnlyForDeploymentPostprocessing = 0;
		};
/* End PBXResourcesBuildPhase section */

/* Begin PBXSourcesBuildPhase section */
		9FFB19802C3E46B100581134 /* Sources */ = {
			isa = PBXSourcesBuildPhase;
			buildActionMask = 2147483647;
			files = (
				9FFB19A62C3E479700581134 /* SettingsView.swift in Sources */,
				9FFB198C2C3E46B100581134 /* ContentView.swift in Sources */,
				9FFB19AB2C3E47CC00581134 /* ComplicationController.swift in Sources */,
				9FFB19A52C3E479700581134 /* DetailView.swift in Sources */,
				9FFB198A2C3E46B100581134 /* NotesApp.swift in Sources */,
				9FFB19A42C3E479700581134 /* CreditsView.swift in Sources */,
				9FFB199D2C3E478800581134 /* Note.swift in Sources */,
				9FFB19A92C3E47A100581134 /* HeaderView.swift in Sources */,
			);
			runOnlyForDeploymentPostprocessing = 0;
		};
/* End PBXSourcesBuildPhase section */

/* Begin PBXTargetDependency section */
		9FFB19872C3E46B100581134 /* PBXTargetDependency */ = {
			isa = PBXTargetDependency;
			target = 9FFB19832C3E46B100581134 /* Notes Watch App */;
			targetProxy = 9FFB19862C3E46B100581134 /* PBXContainerItemProxy */;
		};
/* End PBXTargetDependency section */

/* Begin XCBuildConfiguration section */
		9FFB19922C3E46B200581134 /* Debug */ = {
			isa = XCBuildConfiguration;
			buildSettings = {
				ALWAYS_SEARCH_USER_PATHS = NO;
				ASSETCATALOG_COMPILER_GENERATE_SWIFT_ASSET_SYMBOL_EXTENSIONS = YES;
				CLANG_ANALYZER_NONNULL = YES;
				CLANG_ANALYZER_NUMBER_OBJECT_CONVERSION = YES_AGGRESSIVE;
				CLANG_CXX_LANGUAGE_STANDARD = "gnu++20";
				CLANG_ENABLE_MODULES = YES;
				CLANG_ENABLE_OBJC_ARC = YES;
				CLANG_ENABLE_OBJC_WEAK = YES;
				CLANG_WARN_BLOCK_CAPTURE_AUTORELEASING = YES;
				CLANG_WARN_BOOL_CONVERSION = YES;
				CLANG_WARN_COMMA = YES;
				CLANG_WARN_CONSTANT_CONVERSION = YES;
				CLANG_WARN_DEPRECATED_OBJC_IMPLEMENTATIONS = YES;
				CLANG_WARN_DIRECT_OBJC_ISA_USAGE = YES_ERROR;
				CLANG_WARN_DOCUMENTATION_COMMENTS = YES;
				CLANG_WARN_EMPTY_BODY = YES;
				CLANG_WARN_ENUM_CONVERSION = YES;
				CLANG_WARN_INFINITE_RECURSION = YES;
				CLANG_WARN_INT_CONVERSION = YES;
				CLANG_WARN_NON_LITERAL_NULL_CONVERSION = YES;
				CLANG_WARN_OBJC_IMPLICIT_RETAIN_SELF = YES;
				CLANG_WARN_OBJC_LITERAL_CONVERSION = YES;
				CLANG_WARN_OBJC_ROOT_CLASS = YES_ERROR;
				CLANG_WARN_QUOTED_INCLUDE_IN_FRAMEWORK_HEADER = YES;
				CLANG_WARN_RANGE_LOOP_ANALYSIS = YES;
				CLANG_WARN_STRICT_PROTOTYPES = YES;
				CLANG_WARN_SUSPICIOUS_MOVE = YES;
				CLANG_WARN_UNGUARDED_AVAILABILITY = YES_AGGRESSIVE;
				CLANG_WARN_UNREACHABLE_CODE = YES;
				CLANG_WARN__DUPLICATE_METHOD_MATCH = YES;
				COPY_PHASE_STRIP = NO;
				DEBUG_INFORMATION_FORMAT = dwarf;
				ENABLE_STRICT_OBJC_MSGSEND = YES;
				ENABLE_TESTABILITY = YES;
				ENABLE_USER_SCRIPT_SANDBOXING = YES;
				GCC_C_LANGUAGE_STANDARD = gnu17;
				GCC_DYNAMIC_NO_PIC = NO;
				GCC_NO_COMMON_BLOCKS = YES;
				GCC_OPTIMIZATION_LEVEL = 0;
				GCC_PREPROCESSOR_DEFINITIONS = (
					"DEBUG=1",
					"$(inherited)",
				);
				GCC_WARN_64_TO_32_BIT_CONVERSION = YES;
				GCC_WARN_ABOUT_RETURN_TYPE = YES_ERROR;
				GCC_WARN_UNDECLARED_SELECTOR = YES;
				GCC_WARN_UNINITIALIZED_AUTOS = YES_AGGRESSIVE;
				GCC_WARN_UNUSED_FUNCTION = YES;
				GCC_WARN_UNUSED_VARIABLE = YES;
				LOCALIZATION_PREFERS_STRING_CATALOGS = YES;
				MTL_ENABLE_DEBUG_INFO = INCLUDE_SOURCE;
				MTL_FAST_MATH = YES;
				ONLY_ACTIVE_ARCH = YES;
				SWIFT_ACTIVE_COMPILATION_CONDITIONS = "DEBUG $(inherited)";
				SWIFT_OPTIMIZATION_LEVEL = "-Onone";
			};
			name = Debug;
		};
		9FFB19932C3E46B200581134 /* Release */ = {
			isa = XCBuildConfiguration;
			buildSettings = {
				ALWAYS_SEARCH_USER_PATHS = NO;
				ASSETCATALOG_COMPILER_GENERATE_SWIFT_ASSET_SYMBOL_EXTENSIONS = YES;
				CLANG_ANALYZER_NONNULL = YES;
				CLANG_ANALYZER_NUMBER_OBJECT_CONVERSION = YES_AGGRESSIVE;
				CLANG_CXX_LANGUAGE_STANDARD = "gnu++20";
				CLANG_ENABLE_MODULES = YES;
				CLANG_ENABLE_OBJC_ARC = YES;
				CLANG_ENABLE_OBJC_WEAK = YES;
				CLANG_WARN_BLOCK_CAPTURE_AUTORELEASING = YES;
				CLANG_WARN_BOOL_CONVERSION = YES;
				CLANG_WARN_COMMA = YES;
				CLANG_WARN_CONSTANT_CONVERSION = YES;
				CLANG_WARN_DEPRECATED_OBJC_IMPLEMENTATIONS = YES;
				CLANG_WARN_DIRECT_OBJC_ISA_USAGE = YES_ERROR;
				CLANG_WARN_DOCUMENTATION_COMMENTS = YES;
				CLANG_WARN_EMPTY_BODY = YES;
				CLANG_WARN_ENUM_CONVERSION = YES;
				CLANG_WARN_INFINITE_RECURSION = YES;
				CLANG_WARN_INT_CONVERSION = YES;
				CLANG_WARN_NON_LITERAL_NULL_CONVERSION = YES;
				CLANG_WARN_OBJC_IMPLICIT_RETAIN_SELF = YES;
				CLANG_WARN_OBJC_LITERAL_CONVERSION = YES;
				CLANG_WARN_OBJC_ROOT_CLASS = YES_ERROR;
				CLANG_WARN_QUOTED_INCLUDE_IN_FRAMEWORK_HEADER = YES;
				CLANG_WARN_RANGE_LOOP_ANALYSIS = YES;
				CLANG_WARN_STRICT_PROTOTYPES = YES;
				CLANG_WARN_SUSPICIOUS_MOVE = YES;
				CLANG_WARN_UNGUARDED_AVAILABILITY = YES_AGGRESSIVE;
				CLANG_WARN_UNREACHABLE_CODE = YES;
				CLANG_WARN__DUPLICATE_METHOD_MATCH = YES;
				COPY_PHASE_STRIP = NO;
				DEBUG_INFORMATION_FORMAT = "dwarf-with-dsym";
				ENABLE_NS_ASSERTIONS = NO;
				ENABLE_STRICT_OBJC_MSGSEND = YES;
				ENABLE_USER_SCRIPT_SANDBOXING = YES;
				GCC_C_LANGUAGE_STANDARD = gnu17;
				GCC_NO_COMMON_BLOCKS = YES;
				GCC_WARN_64_TO_32_BIT_CONVERSION = YES;
				GCC_WARN_ABOUT_RETURN_TYPE = YES_ERROR;
				GCC_WARN_UNDECLARED_SELECTOR = YES;
				GCC_WARN_UNINITIALIZED_AUTOS = YES_AGGRESSIVE;
				GCC_WARN_UNUSED_FUNCTION = YES;
				GCC_WARN_UNUSED_VARIABLE = YES;
				LOCALIZATION_PREFERS_STRING_CATALOGS = YES;
				MTL_ENABLE_DEBUG_INFO = NO;
				MTL_FAST_MATH = YES;
				SWIFT_COMPILATION_MODE = wholemodule;
			};
			name = Release;
		};
		9FFB19952C3E46B200581134 /* Debug */ = {
			isa = XCBuildConfiguration;
			buildSettings = {
				ASSETCATALOG_COMPILER_APPICON_NAME = AppIcon;
				ASSETCATALOG_COMPILER_GLOBAL_ACCENT_COLOR_NAME = AccentColor;
				CODE_SIGN_STYLE = Automatic;
				CURRENT_PROJECT_VERSION = 1;
				DEVELOPMENT_ASSET_PATHS = "\"Notes Watch App/Preview Content\"";
				DEVELOPMENT_TEAM = 979PG3MW97;
				ENABLE_PREVIEWS = YES;
				GENERATE_INFOPLIST_FILE = YES;
				INFOPLIST_KEY_CFBundleDisplayName = Notes;
				INFOPLIST_KEY_UISupportedInterfaceOrientations = "UIInterfaceOrientationPortrait UIInterfaceOrientationPortraitUpsideDown";
				INFOPLIST_KEY_WKWatchOnly = YES;
				LD_RUNPATH_SEARCH_PATHS = (
					"$(inherited)",
					"@executable_path/Frameworks",
				);
				MARKETING_VERSION = 1.0;
				PRODUCT_BUNDLE_IDENTIFIER = com.Zafran.Developer.Notes.watchkitapp;
				PRODUCT_NAME = "$(TARGET_NAME)";
				SDKROOT = watchos;
				SKIP_INSTALL = YES;
				SWIFT_EMIT_LOC_STRINGS = YES;
				SWIFT_VERSION = 5.0;
				TARGETED_DEVICE_FAMILY = 4;
				WATCHOS_DEPLOYMENT_TARGET = 10.5;
			};
			name = Debug;
		};
		9FFB19962C3E46B200581134 /* Release */ = {
			isa = XCBuildConfiguration;
			buildSettings = {
				ASSETCATALOG_COMPILER_APPICON_NAME = AppIcon;
				ASSETCATALOG_COMPILER_GLOBAL_ACCENT_COLOR_NAME = AccentColor;
				CODE_SIGN_STYLE = Automatic;
				CURRENT_PROJECT_VERSION = 1;
				DEVELOPMENT_ASSET_PATHS = "\"Notes Watch App/Preview Content\"";
				DEVELOPMENT_TEAM = 979PG3MW97;
				ENABLE_PREVIEWS = YES;
				GENERATE_INFOPLIST_FILE = YES;
				INFOPLIST_KEY_CFBundleDisplayName = Notes;
				INFOPLIST_KEY_UISupportedInterfaceOrientations = "UIInterfaceOrientationPortrait UIInterfaceOrientationPortraitUpsideDown";
				INFOPLIST_KEY_WKWatchOnly = YES;
				LD_RUNPATH_SEARCH_PATHS = (
					"$(inherited)",
					"@executable_path/Frameworks",
				);
				MARKETING_VERSION = 1.0;
				PRODUCT_BUNDLE_IDENTIFIER = com.Zafran.Developer.Notes.watchkitapp;
				PRODUCT_NAME = "$(TARGET_NAME)";
				SDKROOT = watchos;
				SKIP_INSTALL = YES;
				SWIFT_EMIT_LOC_STRINGS = YES;
				SWIFT_VERSION = 5.0;
				TARGETED_DEVICE_FAMILY = 4;
				VALIDATE_PRODUCT = YES;
				WATCHOS_DEPLOYMENT_TARGET = 10.5;
			};
			name = Release;
		};
		9FFB19992C3E46B200581134 /* Debug */ = {
			isa = XCBuildConfiguration;
			buildSettings = {
				ALWAYS_EMBED_SWIFT_STANDARD_LIBRARIES = YES;
				CODE_SIGN_STYLE = Automatic;
				CURRENT_PROJECT_VERSION = 1;
				DEVELOPMENT_TEAM = 979PG3MW97;
				INFOPLIST_KEY_CFBundleDisplayName = Notes;
				MARKETING_VERSION = 1.0;
				PRODUCT_BUNDLE_IDENTIFIER = com.Zafran.Developer.Notes;
				PRODUCT_NAME = "$(TARGET_NAME)";
				SDKROOT = iphoneos;
				SWIFT_VERSION = 5.0;
			};
			name = Debug;
		};
		9FFB199A2C3E46B200581134 /* Release */ = {
			isa = XCBuildConfiguration;
			buildSettings = {
				ALWAYS_EMBED_SWIFT_STANDARD_LIBRARIES = YES;
				CODE_SIGN_STYLE = Automatic;
				CURRENT_PROJECT_VERSION = 1;
				DEVELOPMENT_TEAM = 979PG3MW97;
				INFOPLIST_KEY_CFBundleDisplayName = Notes;
				MARKETING_VERSION = 1.0;
				PRODUCT_BUNDLE_IDENTIFIER = com.Zafran.Developer.Notes;
				PRODUCT_NAME = "$(TARGET_NAME)";
				SDKROOT = iphoneos;
				SWIFT_VERSION = 5.0;
				VALIDATE_PRODUCT = YES;
			};
			name = Release;
		};
/* End XCBuildConfiguration section */

/* Begin XCConfigurationList section */
		9FFB197B2C3E46B000581134 /* Build configuration list for PBXProject "Notes" */ = {
			isa = XCConfigurationList;
			buildConfigurations = (
				9FFB19922C3E46B200581134 /* Debug */,
				9FFB19932C3E46B200581134 /* Release */,
			);
			defaultConfigurationIsVisible = 0;
			defaultConfigurationName = Release;
		};
		9FFB19942C3E46B200581134 /* Build configuration list for PBXNativeTarget "Notes Watch App" */ = {
			isa = XCConfigurationList;
			buildConfigurations = (
				9FFB19952C3E46B200581134 /* Debug */,
				9FFB19962C3E46B200581134 /* Release */,
			);
			defaultConfigurationIsVisible = 0;
			defaultConfigurationName = Release;
		};
		9FFB19982C3E46B200581134 /* Build configuration list for PBXNativeTarget "Notes" */ = {
			isa = XCConfigurationList;
			buildConfigurations = (
				9FFB19992C3E46B200581134 /* Debug */,
				9FFB199A2C3E46B200581134 /* Release */,
			);
			defaultConfigurationIsVisible = 0;
			defaultConfigurationName = Release;
		};
/* End XCConfigurationList section */
	};
	rootObject = 9FFB19782C3E46B000581134 /* Project object */;
}
